
Microsoft Visual Studio Solution File, Format Version 12.00
# Visual Studio Version 16
VisualStudioVersion = 16.0.29409.12
MinimumVisualStudioVersion = 10.0.40219.1
Project("{FAE04EC0-301F-11D3-BF4B-00C04F79EFBC}") = "Plesoczki_A_2", "Plesoczki_A_2\Plesoczki_A_2.csproj", "{4350F703-31D2-4DF8-86CC-A4FCA1A46076}"
EndProject
Global
	GlobalSection(SolutionConfigurationPlatforms) = preSolution
		Debug|Any CPU = Debug|Any CPU
		Release|Any CPU = Release|Any CPU
	EndGlobalSection
	GlobalSection(ProjectConfigurationPlatforms) = postSolution
		{4350F703-31D2-4DF8-86CC-A4FCA1A46076}.Debug|Any CPU.ActiveCfg = Debug|Any CPU
		{4350F703-31D2-4DF8-86CC-A4FCA1A46076}.Debug|Any CPU.Build.0 = Debug|Any CPU
		{4350F703-31D2-4DF8-86CC-A4FCA1A46076}.Release|Any CPU.ActiveCfg = Release|Any CPU
		{4350F703-31D2-4DF8-86CC-A4FCA1A46076}.Release|Any CPU.Build.0 = Release|Any CPU
	EndGlobalSection
	GlobalSection(SolutionProperties) = preSolution
		HideSolutionNode = FALSE
	EndGlobalSection
	GlobalSection(ExtensibilityGlobals) = postSolution
		SolutionGuid = {19751FA4-283A-4B29-8872-E7B94D929D25}
	EndGlobalSection
EndGlobal
